// !$*UTF8*$!
{
	archiveVersion = 1;
	classes = {
	};
	objectVersion = 50;
	objects = {

/* Begin PBXBuildFile section */
		FE85BC5426F7879F000E0D09 /* AppDelegate.swift in Sources */ = {isa = PBXBuildFile; fileRef = FE85BC5326F7879F000E0D09 /* AppDelegate.swift */; };
		FE85BC5626F7879F000E0D09 /* SceneDelegate.swift in Sources */ = {isa = PBXBuildFile; fileRef = FE85BC5526F7879F000E0D09 /* SceneDelegate.swift */; };
		FE85BC5826F7879F000E0D09 /* ViewController.swift in Sources */ = {isa = PBXBuildFile; fileRef = FE85BC5726F7879F000E0D09 /* ViewController.swift */; };
		FE85BC5B26F7879F000E0D09 /* Main.storyboard in Resources */ = {isa = PBXBuildFile; fileRef = FE85BC5926F7879F000E0D09 /* Main.storyboard */; };
		FE85BC5D26F787A0000E0D09 /* Assets.xcassets in Resources */ = {isa = PBXBuildFile; fileRef = FE85BC5C26F787A0000E0D09 /* Assets.xcassets */; };
		FE85BC6026F787A0000E0D09 /* LaunchScreen.storyboard in Resources */ = {isa = PBXBuildFile; fileRef = FE85BC5E26F787A0000E0D09 /* LaunchScreen.storyboard */; };
		FE85BC6B26F787A0000E0D09 /* MY_NTSTests.swift in Sources */ = {isa = PBXBuildFile; fileRef = FE85BC6A26F787A0000E0D09 /* MY_NTSTests.swift */; };
		FE85BC7626F787A0000E0D09 /* MY_NTSUITests.swift in Sources */ = {isa = PBXBuildFile; fileRef = FE85BC7526F787A0000E0D09 /* MY_NTSUITests.swift */; };
/* End PBXBuildFile section */

/* Begin PBXContainerItemProxy section */
		FE85BC6726F787A0000E0D09 /* PBXContainerItemProxy */ = {
			isa = PBXContainerItemProxy;
			containerPortal = FE85BC4826F7879F000E0D09 /* Project object */;
			proxyType = 1;
			remoteGlobalIDString = FE85BC4F26F7879F000E0D09;
			remoteInfo = MY_NTS;
		};
		FE85BC7226F787A0000E0D09 /* PBXContainerItemProxy */ = {
			isa = PBXContainerItemProxy;
			containerPortal = FE85BC4826F7879F000E0D09 /* Project object */;
			proxyType = 1;
			remoteGlobalIDString = FE85BC4F26F7879F000E0D09;
			remoteInfo = MY_NTS;
		};
/* End PBXContainerItemProxy section */

/* Begin PBXFileReference section */
		FE85BC5026F7879F000E0D09 /* MY_NTS.app */ = {isa = PBXFileReference; explicitFileType = wrapper.application; includeInIndex = 0; path = MY_NTS.app; sourceTree = BUILT_PRODUCTS_DIR; };
		FE85BC5326F7879F000E0D09 /* AppDelegate.swift */ = {isa = PBXFileReference; lastKnownFileType = sourcecode.swift; path = AppDelegate.swift; sourceTree = "<group>"; };
		FE85BC5526F7879F000E0D09 /* SceneDelegate.swift */ = {isa = PBXFileReference; lastKnownFileType = sourcecode.swift; path = SceneDelegate.swift; sourceTree = "<group>"; };
		FE85BC5726F7879F000E0D09 /* ViewController.swift */ = {isa = PBXFileReference; lastKnownFileType = sourcecode.swift; path = ViewController.swift; sourceTree = "<group>"; };
		FE85BC5A26F7879F000E0D09 /* Base */ = {isa = PBXFileReference; lastKnownFileType = file.storyboard; name = Base; path = Base.lproj/Main.storyboard; sourceTree = "<group>"; };
		FE85BC5C26F787A0000E0D09 /* Assets.xcassets */ = {isa = PBXFileReference; lastKnownFileType = folder.assetcatalog; path = Assets.xcassets; sourceTree = "<group>"; };
		FE85BC5F26F787A0000E0D09 /* Base */ = {isa = PBXFileReference; lastKnownFileType = file.storyboard; name = Base; path = Base.lproj/LaunchScreen.storyboard; sourceTree = "<group>"; };
		FE85BC6126F787A0000E0D09 /* Info.plist */ = {isa = PBXFileReference; lastKnownFileType = text.plist.xml; path = Info.plist; sourceTree = "<group>"; };
		FE85BC6626F787A0000E0D09 /* MY_NTSTests.xctest */ = {isa = PBXFileReference; explicitFileType = wrapper.cfbundle; includeInIndex = 0; path = MY_NTSTests.xctest; sourceTree = BUILT_PRODUCTS_DIR; };
		FE85BC6A26F787A0000E0D09 /* MY_NTSTests.swift */ = {isa = PBXFileReference; lastKnownFileType = sourcecode.swift; path = MY_NTSTests.swift; sourceTree = "<group>"; };
		FE85BC6C26F787A0000E0D09 /* Info.plist */ = {isa = PBXFileReference; lastKnownFileType = text.plist.xml; path = Info.plist; sourceTree = "<group>"; };
		FE85BC7126F787A0000E0D09 /* MY_NTSUITests.xctest */ = {isa = PBXFileReference; explicitFileType = wrapper.cfbundle; includeInIndex = 0; path = MY_NTSUITests.xctest; sourceTree = BUILT_PRODUCTS_DIR; };
		FE85BC7526F787A0000E0D09 /* MY_NTSUITests.swift */ = {isa = PBXFileReference; lastKnownFileType = sourcecode.swift; path = MY_NTSUITests.swift; sourceTree = "<group>"; };
		FE85BC7726F787A0000E0D09 /* Info.plist */ = {isa = PBXFileReference; lastKnownFileType = text.plist.xml; path = Info.plist; sourceTree = "<group>"; };
/* End PBXFileReference section */

/* Begin PBXFrameworksBuildPhase section */
		FE85BC4D26F7879F000E0D09 /* Frameworks */ = {
			isa = PBXFrameworksBuildPhase;
			buildActionMask = 2147483647;
			files = (
			);
			runOnlyForDeploymentPostprocessing = 0;
		};
		FE85BC6326F787A0000E0D09 /* Frameworks */ = {
			isa = PBXFrameworksBuildPhase;
			buildActionMask = 2147483647;
			files = (
			);
			runOnlyForDeploymentPostprocessing = 0;
		};
		FE85BC6E26F787A0000E0D09 /* Frameworks */ = {
			isa = PBXFrameworksBuildPhase;
			buildActionMask = 2147483647;
			files = (
			);
			runOnlyForDeploymentPostprocessing = 0;
		};
/* End PBXFrameworksBuildPhase section */

/* Begin PBXGroup section */
		FE85BC4726F7879F000E0D09 = {
			isa = PBXGroup;
			children = (
				FE85BC5226F7879F000E0D09 /* MY_NTS */,
				FE85BC6926F787A0000E0D09 /* MY_NTSTests */,
				FE85BC7426F787A0000E0D09 /* MY_NTSUITests */,
				FE85BC5126F7879F000E0D09 /* Products */,
			);
			sourceTree = "<group>";
		};
		FE85BC5126F7879F000E0D09 /* Products */ = {
			isa = PBXGroup;
			children = (
				FE85BC5026F7879F000E0D09 /* MY_NTS.app */,
				FE85BC6626F787A0000E0D09 /* MY_NTSTests.xctest */,
				FE85BC7126F787A0000E0D09 /* MY_NTSUITests.xctest */,
			);
			name = Products;
			sourceTree = "<group>";
		};
		FE85BC5226F7879F000E0D09 /* MY_NTS */ = {
			isa = PBXGroup;
			children = (
				FE85BC5326F7879F000E0D09 /* AppDelegate.swift */,
				FE85BC5526F7879F000E0D09 /* SceneDelegate.swift */,
				FE85BC5726F7879F000E0D09 /* ViewController.swift */,
				FE85BC5926F7879F000E0D09 /* Main.storyboard */,
				FE85BC5C26F787A0000E0D09 /* Assets.xcassets */,
				FE85BC5E26F787A0000E0D09 /* LaunchScreen.storyboard */,
				FE85BC6126F787A0000E0D09 /* Info.plist */,
			);
			path = MY_NTS;
			sourceTree = "<group>";
		};
		FE85BC6926F787A0000E0D09 /* MY_NTSTests */ = {
			isa = PBXGroup;
			children = (
				FE85BC6A26F787A0000E0D09 /* MY_NTSTests.swift */,
				FE85BC6C26F787A0000E0D09 /* Info.plist */,
			);
			path = MY_NTSTests;
			sourceTree = "<group>";
		};
		FE85BC7426F787A0000E0D09 /* MY_NTSUITests */ = {
			isa = PBXGroup;
			children = (
				FE85BC7526F787A0000E0D09 /* MY_NTSUITests.swift */,
				FE85BC7726F787A0000E0D09 /* Info.plist */,
			);
			path = MY_NTSUITests;
			sourceTree = "<group>";
		};
/* End PBXGroup section */

/* Begin PBXNativeTarget section */
		FE85BC4F26F7879F000E0D09 /* MY_NTS */ = {
			isa = PBXNativeTarget;
			buildConfigurationList = FE85BC7A26F787A0000E0D09 /* Build configuration list for PBXNativeTarget "MY_NTS" */;
			buildPhases = (
				FE85BC4C26F7879F000E0D09 /* Sources */,
				FE85BC4D26F7879F000E0D09 /* Frameworks */,
				FE85BC4E26F7879F000E0D09 /* Resources */,
			);
			buildRules = (
			);
			dependencies = (
			);
			name = MY_NTS;
			productName = MY_NTS;
			productReference = FE85BC5026F7879F000E0D09 /* MY_NTS.app */;
			productType = "com.apple.product-type.application";
		};
		FE85BC6526F787A0000E0D09 /* MY_NTSTests */ = {
			isa = PBXNativeTarget;
			buildConfigurationList = FE85BC7D26F787A0000E0D09 /* Build configuration list for PBXNativeTarget "MY_NTSTests" */;
			buildPhases = (
				FE85BC6226F787A0000E0D09 /* Sources */,
				FE85BC6326F787A0000E0D09 /* Frameworks */,
				FE85BC6426F787A0000E0D09 /* Resources */,
			);
			buildRules = (
			);
			dependencies = (
				FE85BC6826F787A0000E0D09 /* PBXTargetDependency */,
			);
			name = MY_NTSTests;
			productName = MY_NTSTests;
			productReference = FE85BC6626F787A0000E0D09 /* MY_NTSTests.xctest */;
			productType = "com.apple.product-type.bundle.unit-test";
		};
		FE85BC7026F787A0000E0D09 /* MY_NTSUITests */ = {
			isa = PBXNativeTarget;
			buildConfigurationList = FE85BC8026F787A0000E0D09 /* Build configuration list for PBXNativeTarget "MY_NTSUITests" */;
			buildPhases = (
				FE85BC6D26F787A0000E0D09 /* Sources */,
				FE85BC6E26F787A0000E0D09 /* Frameworks */,
				FE85BC6F26F787A0000E0D09 /* Resources */,
			);
			buildRules = (
			);
			dependencies = (
				FE85BC7326F787A0000E0D09 /* PBXTargetDependency */,
			);
			name = MY_NTSUITests;
			productName = MY_NTSUITests;
			productReference = FE85BC7126F787A0000E0D09 /* MY_NTSUITests.xctest */;
			productType = "com.apple.product-type.bundle.ui-testing";
		};
/* End PBXNativeTarget section */

/* Begin PBXProject section */
		FE85BC4826F7879F000E0D09 /* Project object */ = {
			isa = PBXProject;
			attributes = {
				LastSwiftUpdateCheck = 1250;
				LastUpgradeCheck = 1250;
				TargetAttributes = {
					FE85BC4F26F7879F000E0D09 = {
						CreatedOnToolsVersion = 12.5;
					};
					FE85BC6526F787A0000E0D09 = {
						CreatedOnToolsVersion = 12.5;
						TestTargetID = FE85BC4F26F7879F000E0D09;
					};
					FE85BC7026F787A0000E0D09 = {
						CreatedOnToolsVersion = 12.5;
						TestTargetID = FE85BC4F26F7879F000E0D09;
					};
				};
			};
			buildConfigurationList = FE85BC4B26F7879F000E0D09 /* Build configuration list for PBXProject "MY_NTS" */;
			compatibilityVersion = "Xcode 9.3";
			developmentRegion = en;
			hasScannedForEncodings = 0;
			knownRegions = (
				en,
				Base,
			);
			mainGroup = FE85BC4726F7879F000E0D09;
			productRefGroup = FE85BC5126F7879F000E0D09 /* Products */;
			projectDirPath = "";
			projectRoot = "";
			targets = (
				FE85BC4F26F7879F000E0D09 /* MY_NTS */,
				FE85BC6526F787A0000E0D09 /* MY_NTSTests */,
				FE85BC7026F787A0000E0D09 /* MY_NTSUITests */,
			);
		};
/* End PBXProject section */

/* Begin PBXResourcesBuildPhase section */
		FE85BC4E26F7879F000E0D09 /* Resources */ = {
			isa = PBXResourcesBuildPhase;
			buildActionMask = 2147483647;
			files = (
				FE85BC6026F787A0000E0D09 /* LaunchScreen.storyboard in Resources */,
				FE85BC5D26F787A0000E0D09 /* Assets.xcassets in Resources */,
				FE85BC5B26F7879F000E0D09 /* Main.storyboard in Resources */,
			);
			runOnlyForDeploymentPostprocessing = 0;
		};
		FE85BC6426F787A0000E0D09 /* Resources */ = {
			isa = PBXResourcesBuildPhase;
			buildActionMask = 2147483647;
			files = (
			);
			runOnlyForDeploymentPostprocessing = 0;
		};
		FE85BC6F26F787A0000E0D09 /* Resources */ = {
			isa = PBXResourcesBuildPhase;
			buildActionMask = 2147483647;
			files = (
			);
			runOnlyForDeploymentPostprocessing = 0;
		};
/* End PBXResourcesBuildPhase section */

/* Begin PBXSourcesBuildPhase section */
		FE85BC4C26F7879F000E0D09 /* Sources */ = {
			isa = PBXSourcesBuildPhase;
			buildActionMask = 2147483647;
			files = (
				FE85BC5826F7879F000E0D09 /* ViewController.swift in Sources */,
				FE85BC5426F7879F000E0D09 /* AppDelegate.swift in Sources */,
				FE85BC5626F7879F000E0D09 /* SceneDelegate.swift in Sources */,
			);
			runOnlyForDeploymentPostprocessing = 0;
		};
		FE85BC6226F787A0000E0D09 /* Sources */ = {
			isa = PBXSourcesBuildPhase;
			buildActionMask = 2147483647;
			files = (
				FE85BC6B26F787A0000E0D09 /* MY_NTSTests.swift in Sources */,
			);
			runOnlyForDeploymentPostprocessing = 0;
		};
		FE85BC6D26F787A0000E0D09 /* Sources */ = {
			isa = PBXSourcesBuildPhase;
			buildActionMask = 2147483647;
			files = (
				FE85BC7626F787A0000E0D09 /* MY_NTSUITests.swift in Sources */,
			);
			runOnlyForDeploymentPostprocessing = 0;
		};
/* End PBXSourcesBuildPhase section */

/* Begin PBXTargetDependency section */
		FE85BC6826F787A0000E0D09 /* PBXTargetDependency */ = {
			isa = PBXTargetDependency;
			target = FE85BC4F26F7879F000E0D09 /* MY_NTS */;
			targetProxy = FE85BC6726F787A0000E0D09 /* PBXContainerItemProxy */;
		};
		FE85BC7326F787A0000E0D09 /* PBXTargetDependency */ = {
			isa = PBXTargetDependency;
			target = FE85BC4F26F7879F000E0D09 /* MY_NTS */;
			targetProxy = FE85BC7226F787A0000E0D09 /* PBXContainerItemProxy */;
		};
/* End PBXTargetDependency section */

/* Begin PBXVariantGroup section */
		FE85BC5926F7879F000E0D09 /* Main.storyboard */ = {
			isa = PBXVariantGroup;
			children = (
				FE85BC5A26F7879F000E0D09 /* Base */,
			);
			name = Main.storyboard;
			sourceTree = "<group>";
		};
		FE85BC5E26F787A0000E0D09 /* LaunchScreen.storyboard */ = {
			isa = PBXVariantGroup;
			children = (
				FE85BC5F26F787A0000E0D09 /* Base */,
			);
			name = LaunchScreen.storyboard;
			sourceTree = "<group>";
		};
/* End PBXVariantGroup section */

/* Begin XCBuildConfiguration section */
		FE85BC7826F787A0000E0D09 /* Debug */ = {
			isa = XCBuildConfiguration;
			buildSettings = {
				ALWAYS_SEARCH_USER_PATHS = NO;
				CLANG_ANALYZER_NONNULL = YES;
				CLANG_ANALYZER_NUMBER_OBJECT_CONVERSION = YES_AGGRESSIVE;
				CLANG_CXX_LANGUAGE_STANDARD = "gnu++14";
				CLANG_CXX_LIBRARY = "libc++";
				CLANG_ENABLE_MODULES = YES;
				CLANG_ENABLE_OBJC_ARC = YES;
				CLANG_ENABLE_OBJC_WEAK = YES;
				CLANG_WARN_BLOCK_CAPTURE_AUTORELEASING = YES;
				CLANG_WARN_BOOL_CONVERSION = YES;
				CLANG_WARN_COMMA = YES;
				CLANG_WARN_CONSTANT_CONVERSION = YES;
				CLANG_WARN_DEPRECATED_OBJC_IMPLEMENTATIONS = YES;
				CLANG_WARN_DIRECT_OBJC_ISA_USAGE = YES_ERROR;
				CLANG_WARN_DOCUMENTATION_COMMENTS = YES;
				CLANG_WARN_EMPTY_BODY = YES;
				CLANG_WARN_ENUM_CONVERSION = YES;
				CLANG_WARN_INFINITE_RECURSION = YES;
				CLANG_WARN_INT_CONVERSION = YES;
				CLANG_WARN_NON_LITERAL_NULL_CONVERSION = YES;
				CLANG_WARN_OBJC_IMPLICIT_RETAIN_SELF = YES;
				CLANG_WARN_OBJC_LITERAL_CONVERSION = YES;
				CLANG_WARN_OBJC_ROOT_CLASS = YES_ERROR;
				CLANG_WARN_QUOTED_INCLUDE_IN_FRAMEWORK_HEADER = YES;
				CLANG_WARN_RANGE_LOOP_ANALYSIS = YES;
				CLANG_WARN_STRICT_PROTOTYPES = YES;
				CLANG_WARN_SUSPICIOUS_MOVE = YES;
				CLANG_WARN_UNGUARDED_AVAILABILITY = YES_AGGRESSIVE;
				CLANG_WARN_UNREACHABLE_CODE = YES;
				CLANG_WARN__DUPLICATE_METHOD_MATCH = YES;
				COPY_PHASE_STRIP = NO;
				DEBUG_INFORMATION_FORMAT = dwarf;
				ENABLE_STRICT_OBJC_MSGSEND = YES;
				ENABLE_TESTABILITY = YES;
				GCC_C_LANGUAGE_STANDARD = gnu11;
				GCC_DYNAMIC_NO_PIC = NO;
				GCC_NO_COMMON_BLOCKS = YES;
				GCC_OPTIMIZATION_LEVEL = 0;
				GCC_PREPROCESSOR_DEFINITIONS = (
					"DEBUG=1",
					"$(inherited)",
				);
				GCC_WARN_64_TO_32_BIT_CONVERSION = YES;
				GCC_WARN_ABOUT_RETURN_TYPE = YES_ERROR;
				GCC_WARN_UNDECLARED_SELECTOR = YES;
				GCC_WARN_UNINITIALIZED_AUTOS = YES_AGGRESSIVE;
				GCC_WARN_UNUSED_FUNCTION = YES;
				GCC_WARN_UNUSED_VARIABLE = YES;
				IPHONEOS_DEPLOYMENT_TARGET = 14.5;
				MTL_ENABLE_DEBUG_INFO = INCLUDE_SOURCE;
				MTL_FAST_MATH = YES;
				ONLY_ACTIVE_ARCH = YES;
				SDKROOT = iphoneos;
				SWIFT_ACTIVE_COMPILATION_CONDITIONS = DEBUG;
				SWIFT_OPTIMIZATION_LEVEL = "-Onone";
			};
			name = Debug;
		};
		FE85BC7926F787A0000E0D09 /* Release */ = {
			isa = XCBuildConfiguration;
			buildSettings = {
				ALWAYS_SEARCH_USER_PATHS = NO;
				CLANG_ANALYZER_NONNULL = YES;
				CLANG_ANALYZER_NUMBER_OBJECT_CONVERSION = YES_AGGRESSIVE;
				CLANG_CXX_LANGUAGE_STANDARD = "gnu++14";
				CLANG_CXX_LIBRARY = "libc++";
				CLANG_ENABLE_MODULES = YES;
				CLANG_ENABLE_OBJC_ARC = YES;
				CLANG_ENABLE_OBJC_WEAK = YES;
				CLANG_WARN_BLOCK_CAPTURE_AUTORELEASING = YES;
				CLANG_WARN_BOOL_CONVERSION = YES;
				CLANG_WARN_COMMA = YES;
				CLANG_WARN_CONSTANT_CONVERSION = YES;
				CLANG_WARN_DEPRECATED_OBJC_IMPLEMENTATIONS = YES;
				CLANG_WARN_DIRECT_OBJC_ISA_USAGE = YES_ERROR;
				CLANG_WARN_DOCUMENTATION_COMMENTS = YES;
				CLANG_WARN_EMPTY_BODY = YES;
				CLANG_WARN_ENUM_CONVERSION = YES;
				CLANG_WARN_INFINITE_RECURSION = YES;
				CLANG_WARN_INT_CONVERSION = YES;
				CLANG_WARN_NON_LITERAL_NULL_CONVERSION = YES;
				CLANG_WARN_OBJC_IMPLICIT_RETAIN_SELF = YES;
				CLANG_WARN_OBJC_LITERAL_CONVERSION = YES;
				CLANG_WARN_OBJC_ROOT_CLASS = YES_ERROR;
				CLANG_WARN_QUOTED_INCLUDE_IN_FRAMEWORK_HEADER = YES;
				CLANG_WARN_RANGE_LOOP_ANALYSIS = YES;
				CLANG_WARN_STRICT_PROTOTYPES = YES;
				CLANG_WARN_SUSPICIOUS_MOVE = YES;
				CLANG_WARN_UNGUARDED_AVAILABILITY = YES_AGGRESSIVE;
				CLANG_WARN_UNREACHABLE_CODE = YES;
				CLANG_WARN__DUPLICATE_METHOD_MATCH = YES;
				COPY_PHASE_STRIP = NO;
				DEBUG_INFORMATION_FORMAT = "dwarf-with-dsym";
				ENABLE_NS_ASSERTIONS = NO;
				ENABLE_STRICT_OBJC_MSGSEND = YES;
				GCC_C_LANGUAGE_STANDARD = gnu11;
				GCC_NO_COMMON_BLOCKS = YES;
				GCC_WARN_64_TO_32_BIT_CONVERSION = YES;
				GCC_WARN_ABOUT_RETURN_TYPE = YES_ERROR;
				GCC_WARN_UNDECLARED_SELECTOR = YES;
				GCC_WARN_UNINITIALIZED_AUTOS = YES_AGGRESSIVE;
				GCC_WARN_UNUSED_FUNCTION = YES;
				GCC_WARN_UNUSED_VARIABLE = YES;
				IPHONEOS_DEPLOYMENT_TARGET = 14.5;
				MTL_ENABLE_DEBUG_INFO = NO;
				MTL_FAST_MATH = YES;
				SDKROOT = iphoneos;
				SWIFT_COMPILATION_MODE = wholemodule;
				SWIFT_OPTIMIZATION_LEVEL = "-O";
				VALIDATE_PRODUCT = YES;
			};
			name = Release;
		};
		FE85BC7B26F787A0000E0D09 /* Debug */ = {
			isa = XCBuildConfiguration;
			buildSettings = {
				ASSETCATALOG_COMPILER_APPICON_NAME = AppIcon;
				ASSETCATALOG_COMPILER_GLOBAL_ACCENT_COLOR_NAME = AccentColor;
				CODE_SIGN_STYLE = Automatic;
				DEVELOPMENT_TEAM = WSH8T4CK9T;
				INFOPLIST_FILE = MY_NTS/Info.plist;
				LD_RUNPATH_SEARCH_PATHS = (
					"$(inherited)",
					"@executable_path/Frameworks",
				);
				PRODUCT_BUNDLE_IDENTIFIER = "Home-Office.MY-NTS";
				PRODUCT_NAME = "$(TARGET_NAME)";
				SWIFT_VERSION = 5.0;
				TARGETED_DEVICE_FAMILY = 1;
			};
			name = Debug;
		};
		FE85BC7C26F787A0000E0D09 /* Release */ = {
			isa = XCBuildConfiguration;
			buildSettings = {
				ASSETCATALOG_COMPILER_APPICON_NAME = AppIcon;
				ASSETCATALOG_COMPILER_GLOBAL_ACCENT_COLOR_NAME = AccentColor;
				CODE_SIGN_STYLE = Automatic;
				DEVELOPMENT_TEAM = WSH8T4CK9T;
				INFOPLIST_FILE = MY_NTS/Info.plist;
				LD_RUNPATH_SEARCH_PATHS = (
					"$(inherited)",
					"@executable_path/Frameworks",
				);
				PRODUCT_BUNDLE_IDENTIFIER = "Home-Office.MY-NTS";
				PRODUCT_NAME = "$(TARGET_NAME)";
				SWIFT_VERSION = 5.0;
				TARGETED_DEVICE_FAMILY = 1;
			};
			name = Release;
		};
		FE85BC7E26F787A0000E0D09 /* Debug */ = {
			isa = XCBuildConfiguration;
			buildSettings = {
				ALWAYS_EMBED_SWIFT_STANDARD_LIBRARIES = YES;
				BUNDLE_LOADER = "$(TEST_HOST)";
				CODE_SIGN_STYLE = Automatic;
				DEVELOPMENT_TEAM = WSH8T4CK9T;
				INFOPLIST_FILE = MY_NTSTests/Info.plist;
				IPHONEOS_DEPLOYMENT_TARGET = 14.5;
				LD_RUNPATH_SEARCH_PATHS = (
					"$(inherited)",
					"@executable_path/Frameworks",
					"@loader_path/Frameworks",
				);
				PRODUCT_BUNDLE_IDENTIFIER = "Home-Office.MY-NTSTests";
				PRODUCT_NAME = "$(TARGET_NAME)";
				SWIFT_VERSION = 5.0;
				TARGETED_DEVICE_FAMILY = "1,2";
				TEST_HOST = "$(BUILT_PRODUCTS_DIR)/MY_NTS.app/MY_NTS";
			};
			name = Debug;
		};
		FE85BC7F26F787A0000E0D09 /* Release */ = {
			isa = XCBuildConfiguration;
			buildSettings = {
				ALWAYS_EMBED_SWIFT_STANDARD_LIBRARIES = YES;
				BUNDLE_LOADER = "$(TEST_HOST)";
				CODE_SIGN_STYLE = Automatic;
				DEVELOPMENT_TEAM = WSH8T4CK9T;
				INFOPLIST_FILE = MY_NTSTests/Info.plist;
				IPHONEOS_DEPLOYMENT_TARGET = 14.5;
				LD_RUNPATH_SEARCH_PATHS = (
					"$(inherited)",
					"@executable_path/Frameworks",
					"@loader_path/Frameworks",
				);
				PRODUCT_BUNDLE_IDENTIFIER = "Home-Office.MY-NTSTests";
				PRODUCT_NAME = "$(TARGET_NAME)";
				SWIFT_VERSION = 5.0;
				TARGETED_DEVICE_FAMILY = "1,2";
				TEST_HOST = "$(BUILT_PRODUCTS_DIR)/MY_NTS.app/MY_NTS";
			};
			name = Release;
		};
		FE85BC8126F787A0000E0D09 /* Debug */ = {
			isa = XCBuildConfiguration;
			buildSettings = {
				ALWAYS_EMBED_SWIFT_STANDARD_LIBRARIES = YES;
				CODE_SIGN_STYLE = Automatic;
				DEVELOPMENT_TEAM = WSH8T4CK9T;
				INFOPLIST_FILE = MY_NTSUITests/Info.plist;
				LD_RUNPATH_SEARCH_PATHS = (
					"$(inherited)",
					"@executable_path/Frameworks",
					"@loader_path/Frameworks",
				);
				PRODUCT_BUNDLE_IDENTIFIER = "Home-Office.MY-NTSUITests";
				PRODUCT_NAME = "$(TARGET_NAME)";
				SWIFT_VERSION = 5.0;
				TARGETED_DEVICE_FAMILY = "1,2";
				TEST_TARGET_NAME = MY_NTS;
			};
			name = Debug;
		};
		FE85BC8226F787A0000E0D09 /* Release */ = {
			isa = XCBuildConfiguration;
			buildSettings = {
				ALWAYS_EMBED_SWIFT_STANDARD_LIBRARIES = YES;
				CODE_SIGN_STYLE = Automatic;
				DEVELOPMENT_TEAM = WSH8T4CK9T;
				INFOPLIST_FILE = MY_NTSUITests/Info.plist;
				LD_RUNPATH_SEARCH_PATHS = (
					"$(inherited)",
					"@executable_path/Frameworks",
					"@loader_path/Frameworks",
				);
				PRODUCT_BUNDLE_IDENTIFIER = "Home-Office.MY-NTSUITests";
				PRODUCT_NAME = "$(TARGET_NAME)";
				SWIFT_VERSION = 5.0;
				TARGETED_DEVICE_FAMILY = "1,2";
				TEST_TARGET_NAME = MY_NTS;
			};
			name = Release;
		};
/* End XCBuildConfiguration section */

/* Begin XCConfigurationList section */
		FE85BC4B26F7879F000E0D09 /* Build configuration list for PBXProject "MY_NTS" */ = {
			isa = XCConfigurationList;
			buildConfigurations = (
				FE85BC7826F787A0000E0D09 /* Debug */,
				FE85BC7926F787A0000E0D09 /* Release */,
			);
			defaultConfigurationIsVisible = 0;
			defaultConfigurationName = Release;
		};
		FE85BC7A26F787A0000E0D09 /* Build configuration list for PBXNativeTarget "MY_NTS" */ = {
			isa = XCConfigurationList;
			buildConfigurations = (
				FE85BC7B26F787A0000E0D09 /* Debug */,
				FE85BC7C26F787A0000E0D09 /* Release */,
			);
			defaultConfigurationIsVisible = 0;
			defaultConfigurationName = Release;
		};
		FE85BC7D26F787A0000E0D09 /* Build configuration list for PBXNativeTarget "MY_NTSTests" */ = {
			isa = XCConfigurationList;
			buildConfigurations = (
				FE85BC7E26F787A0000E0D09 /* Debug */,
				FE85BC7F26F787A0000E0D09 /* Release */,
			);
			defaultConfigurationIsVisible = 0;
			defaultConfigurationName = Release;
		};
		FE85BC8026F787A0000E0D09 /* Build configuration list for PBXNativeTarget "MY_NTSUITests" */ = {
			isa = XCConfigurationList;
			buildConfigurations = (
				FE85BC8126F787A0000E0D09 /* Debug */,
				FE85BC8226F787A0000E0D09 /* Release */,
			);
			defaultConfigurationIsVisible = 0;
			defaultConfigurationName = Release;
		};
/* End XCConfigurationList section */
	};
	rootObject = FE85BC4826F7879F000E0D09 /* Project object */;
}
